
Microsoft Visual Studio Solution File, Format Version 12.00
# Visual Studio 15
VisualStudioVersion = 15.0.28307.271
MinimumVisualStudioVersion = 10.0.40219.1
Project("{FAE04EC0-301F-11D3-BF4B-00C04F79EFBC}") = "dotnetcorewebapp", "dotnetcorewebapp\dotnetcorewebapp.csproj", "{49EF168E-2685-4C41-81A0-665F293B2695}"
EndProject
Global
	GlobalSection(SolutionConfigurationPlatforms) = preSolution
		Debug|Any CPU = Debug|Any CPU
		Release|Any CPU = Release|Any CPU
	EndGlobalSection
	GlobalSection(ProjectConfigurationPlatforms) = postSolution
		{49EF168E-2685-4C41-81A0-665F293B2695}.Debug|Any CPU.ActiveCfg = Debug|Any CPU
		{49EF168E-2685-4C41-81A0-665F293B2695}.Debug|Any CPU.Build.0 = Debug|Any CPU
		{49EF168E-2685-4C41-81A0-665F293B2695}.Release|Any CPU.ActiveCfg = Release|Any CPU
		{49EF168E-2685-4C41-81A0-665F293B2695}.Release|Any CPU.Build.0 = Release|Any CPU
	EndGlobalSection
	GlobalSection(SolutionProperties) = preSolution
		HideSolutionNode = FALSE
	EndGlobalSection
	GlobalSection(ExtensibilityGlobals) = postSolution
		SolutionGuid = {AD37F032-59BA-4178-9683-74BBD92CDAD9}
	EndGlobalSection
EndGlobal
